github.com/google/go-cmp v0.6.0 h1:ofyhxvXcZhMsU5ulbFiLKl/XBFqE1GSq7atu8tAmTRI=
github.com/gorilla/mux v1.8.1 h1:TuBL49tXwgrFYWhqrNgrUNEY92u81SPhu7sTdzQEiWY=
github.com/gorilla/mux v1.8.1/go.mod h1:AKf9I4AEqPTmMytcMc0KkNouC66V3BtZ4qD5fmWSiMQ=
github.com/sethvargo/go-envconfig v1.0.0 h1:1C66wzy4QrROf5ew4KdVw942CQDa55qmlYmw9FZxZdU=
github.com/sethvargo/go-envconfig v1.0.0/go.mod h1:Lzc75ghUn5ucmcRGIdGQ33DKJrcjk4kihFYgSTBmjIc=
